
Microsoft Visual Studio Solution File, Format Version 12.00
# Visual Studio Version 16
VisualStudioVersion = 16.0.30711.63
MinimumVisualStudioVersion = 15.0.26124.0
Project("{9A19103F-16F7-4668-BE54-9A1E7A4F7556}") = "application", "Api.Application\application.csproj", "{74E53632-022C-47FF-8076-32894BC1E48E}"
EndProject
Project("{9A19103F-16F7-4668-BE54-9A1E7A4F7556}") = "Domain", "Api.Domain\Domain.csproj", "{486400C1-CDB6-442C-983D-A2135309DD57}"
EndProject
Project("{9A19103F-16F7-4668-BE54-9A1E7A4F7556}") = "CrossCutting", "Api.CrossCutting\CrossCutting.csproj", "{D2266224-AC30-4D82-98D5-8903BAE5246F}"
EndProject
Project("{9A19103F-16F7-4668-BE54-9A1E7A4F7556}") = "Data", "Api.Data\Data.csproj", "{A2FCEA31-4D56-4797-9BB7-1FEF9CDA4429}"
EndProject
Project("{9A19103F-16F7-4668-BE54-9A1E7A4F7556}") = "Service", "Api.Service\Service.csproj", "{BD2533BB-5F6F-48D8-BD8C-C9C1DD3A7D54}"
EndProject
Project("{9A19103F-16F7-4668-BE54-9A1E7A4F7556}") = "Api.Data.Test", "Api.Data.Test\Api.Data.Test.csproj", "{8DDDFCE9-1DBC-4C88-A4AF-7FB3553057EC}"
EndProject
Project("{9A19103F-16F7-4668-BE54-9A1E7A4F7556}") = "Api.Service.Test", "Api.Service.Test\Api.Service.Test.csproj", "{14B5DBA4-D114-4844-A65E-8E24C762C603}"
EndProject
Project("{9A19103F-16F7-4668-BE54-9A1E7A4F7556}") = "Api.Application.Test", "Api.Application.Test\Api.Application.Test.csproj", "{86F1F4EA-D512-48DC-951F-37853273894E}"
EndProject
Project("{E53339B2-1760-4266-BCC7-CA923CBCF16C}") = "docker-compose", "docker-compose.dcproj", "{7B6FC618-EE16-4045-9998-5813D55FC0A3}"
EndProject
Global
	GlobalSection(SolutionConfigurationPlatforms) = preSolution
		Debug|Any CPU = Debug|Any CPU
		Debug|x64 = Debug|x64
		Debug|x86 = Debug|x86
		Release|Any CPU = Release|Any CPU
		Release|x64 = Release|x64
		Release|x86 = Release|x86
	EndGlobalSection
	GlobalSection(ProjectConfigurationPlatforms) = postSolution
		{74E53632-022C-47FF-8076-32894BC1E48E}.Debug|Any CPU.ActiveCfg = Debug|Any CPU
		{74E53632-022C-47FF-8076-32894BC1E48E}.Debug|Any CPU.Build.0 = Debug|Any CPU
		{74E53632-022C-47FF-8076-32894BC1E48E}.Debug|x64.ActiveCfg = Debug|Any CPU
		{74E53632-022C-47FF-8076-32894BC1E48E}.Debug|x64.Build.0 = Debug|Any CPU
		{74E53632-022C-47FF-8076-32894BC1E48E}.Debug|x86.ActiveCfg = Debug|Any CPU
		{74E53632-022C-47FF-8076-32894BC1E48E}.Debug|x86.Build.0 = Debug|Any CPU
		{74E53632-022C-47FF-8076-32894BC1E48E}.Release|Any CPU.ActiveCfg = Release|Any CPU
		{74E53632-022C-47FF-8076-32894BC1E48E}.Release|Any CPU.Build.0 = Release|Any CPU
		{74E53632-022C-47FF-8076-32894BC1E48E}.Release|x64.ActiveCfg = Release|Any CPU
		{74E53632-022C-47FF-8076-32894BC1E48E}.Release|x64.Build.0 = Release|Any CPU
		{74E53632-022C-47FF-8076-32894BC1E48E}.Release|x86.ActiveCfg = Release|Any CPU
		{74E53632-022C-47FF-8076-32894BC1E48E}.Release|x86.Build.0 = Release|Any CPU
		{486400C1-CDB6-442C-983D-A2135309DD57}.Debug|Any CPU.ActiveCfg = Debug|Any CPU
		{486400C1-CDB6-442C-983D-A2135309DD57}.Debug|Any CPU.Build.0 = Debug|Any CPU
		{486400C1-CDB6-442C-983D-A2135309DD57}.Debug|x64.ActiveCfg = Debug|Any CPU
		{486400C1-CDB6-442C-983D-A2135309DD57}.Debug|x64.Build.0 = Debug|Any CPU
		{486400C1-CDB6-442C-983D-A2135309DD57}.Debug|x86.ActiveCfg = Debug|Any CPU
		{486400C1-CDB6-442C-983D-A2135309DD57}.Debug|x86.Build.0 = Debug|Any CPU
		{486400C1-CDB6-442C-983D-A2135309DD57}.Release|Any CPU.ActiveCfg = Release|Any CPU
		{486400C1-CDB6-442C-983D-A2135309DD57}.Release|Any CPU.Build.0 = Release|Any CPU
		{486400C1-CDB6-442C-983D-A2135309DD57}.Release|x64.ActiveCfg = Release|Any CPU
		{486400C1-CDB6-442C-983D-A2135309DD57}.Release|x64.Build.0 = Release|Any CPU
		{486400C1-CDB6-442C-983D-A2135309DD57}.Release|x86.ActiveCfg = Release|Any CPU
		{486400C1-CDB6-442C-983D-A2135309DD57}.Release|x86.Build.0 = Release|Any CPU
		{D2266224-AC30-4D82-98D5-8903BAE5246F}.Debug|Any CPU.ActiveCfg = Debug|Any CPU
		{D2266224-AC30-4D82-98D5-8903BAE5246F}.Debug|Any CPU.Build.0 = Debug|Any CPU
		{D2266224-AC30-4D82-98D5-8903BAE5246F}.Debug|x64.ActiveCfg = Debug|Any CPU
		{D2266224-AC30-4D82-98D5-8903BAE5246F}.Debug|x64.Build.0 = Debug|Any CPU
		{D2266224-AC30-4D82-98D5-8903BAE5246F}.Debug|x86.ActiveCfg = Debug|Any CPU
		{D2266224-AC30-4D82-98D5-8903BAE5246F}.Debug|x86.Build.0 = Debug|Any CPU
		{D2266224-AC30-4D82-98D5-8903BAE5246F}.Release|Any CPU.ActiveCfg = Release|Any CPU
		{D2266224-AC30-4D82-98D5-8903BAE5246F}.Release|Any CPU.Build.0 = Release|Any CPU
		{D2266224-AC30-4D82-98D5-8903BAE5246F}.Release|x64.ActiveCfg = Release|Any CPU
		{D2266224-AC30-4D82-98D5-8903BAE5246F}.Release|x64.Build.0 = Release|Any CPU
		{D2266224-AC30-4D82-98D5-8903BAE5246F}.Release|x86.ActiveCfg = Release|Any CPU
		{D2266224-AC30-4D82-98D5-8903BAE5246F}.Release|x86.Build.0 = Release|Any CPU
		{A2FCEA31-4D56-4797-9BB7-1FEF9CDA4429}.Debug|Any CPU.ActiveCfg = Debug|Any CPU
		{A2FCEA31-4D56-4797-9BB7-1FEF9CDA4429}.Debug|Any CPU.Build.0 = Debug|Any CPU
		{A2FCEA31-4D56-4797-9BB7-1FEF9CDA4429}.Debug|x64.ActiveCfg = Debug|Any CPU
		{A2FCEA31-4D56-4797-9BB7-1FEF9CDA4429}.Debug|x64.Build.0 = Debug|Any CPU
		{A2FCEA31-4D56-4797-9BB7-1FEF9CDA4429}.Debug|x86.ActiveCfg = Debug|Any CPU
		{A2FCEA31-4D56-4797-9BB7-1FEF9CDA4429}.Debug|x86.Build.0 = Debug|Any CPU
		{A2FCEA31-4D56-4797-9BB7-1FEF9CDA4429}.Release|Any CPU.ActiveCfg = Release|Any CPU
		{A2FCEA31-4D56-4797-9BB7-1FEF9CDA4429}.Release|Any CPU.Build.0 = Release|Any CPU
		{A2FCEA31-4D56-4797-9BB7-1FEF9CDA4429}.Release|x64.ActiveCfg = Release|Any CPU
		{A2FCEA31-4D56-4797-9BB7-1FEF9CDA4429}.Release|x64.Build.0 = Release|Any CPU
		{A2FCEA31-4D56-4797-9BB7-1FEF9CDA4429}.Release|x86.ActiveCfg = Release|Any CPU
		{A2FCEA31-4D56-4797-9BB7-1FEF9CDA4429}.Release|x86.Build.0 = Release|Any CPU
		{BD2533BB-5F6F-48D8-BD8C-C9C1DD3A7D54}.Debug|Any CPU.ActiveCfg = Debug|Any CPU
		{BD2533BB-5F6F-48D8-BD8C-C9C1DD3A7D54}.Debug|Any CPU.Build.0 = Debug|Any CPU
		{BD2533BB-5F6F-48D8-BD8C-C9C1DD3A7D54}.Debug|x64.ActiveCfg = Debug|Any CPU
		{BD2533BB-5F6F-48D8-BD8C-C9C1DD3A7D54}.Debug|x64.Build.0 = Debug|Any CPU
		{BD2533BB-5F6F-48D8-BD8C-C9C1DD3A7D54}.Debug|x86.ActiveCfg = Debug|Any CPU
		{BD2533BB-5F6F-48D8-BD8C-C9C1DD3A7D54}.Debug|x86.Build.0 = Debug|Any CPU
		{BD2533BB-5F6F-48D8-BD8C-C9C1DD3A7D54}.Release|Any CPU.ActiveCfg = Release|Any CPU
		{BD2533BB-5F6F-48D8-BD8C-C9C1DD3A7D54}.Release|Any CPU.Build.0 = Release|Any CPU
		{BD2533BB-5F6F-48D8-BD8C-C9C1DD3A7D54}.Release|x64.ActiveCfg = Release|Any CPU
		{BD2533BB-5F6F-48D8-BD8C-C9C1DD3A7D54}.Release|x64.Build.0 = Release|Any CPU
		{BD2533BB-5F6F-48D8-BD8C-C9C1DD3A7D54}.Release|x86.ActiveCfg = Release|Any CPU
		{BD2533BB-5F6F-48D8-BD8C-C9C1DD3A7D54}.Release|x86.Build.0 = Release|Any CPU
		{8DDDFCE9-1DBC-4C88-A4AF-7FB3553057EC}.Debug|Any CPU.ActiveCfg = Debug|Any CPU
		{8DDDFCE9-1DBC-4C88-A4AF-7FB3553057EC}.Debug|Any CPU.Build.0 = Debug|Any CPU
		{8DDDFCE9-1DBC-4C88-A4AF-7FB3553057EC}.Debug|x64.ActiveCfg = Debug|Any CPU
		{8DDDFCE9-1DBC-4C88-A4AF-7FB3553057EC}.Debug|x64.Build.0 = Debug|Any CPU
		{8DDDFCE9-1DBC-4C88-A4AF-7FB3553057EC}.Debug|x86.ActiveCfg = Debug|Any CPU
		{8DDDFCE9-1DBC-4C88-A4AF-7FB3553057EC}.Debug|x86.Build.0 = Debug|Any CPU
		{8DDDFCE9-1DBC-4C88-A4AF-7FB3553057EC}.Release|Any CPU.ActiveCfg = Release|Any CPU
		{8DDDFCE9-1DBC-4C88-A4AF-7FB3553057EC}.Release|Any CPU.Build.0 = Release|Any CPU
		{8DDDFCE9-1DBC-4C88-A4AF-7FB3553057EC}.Release|x64.ActiveCfg = Release|Any CPU
		{8DDDFCE9-1DBC-4C88-A4AF-7FB3553057EC}.Release|x64.Build.0 = Release|Any CPU
		{8DDDFCE9-1DBC-4C88-A4AF-7FB3553057EC}.Release|x86.ActiveCfg = Release|Any CPU
		{8DDDFCE9-1DBC-4C88-A4AF-7FB3553057EC}.Release|x86.Build.0 = Release|Any CPU
		{14B5DBA4-D114-4844-A65E-8E24C762C603}.Debug|Any CPU.ActiveCfg = Debug|Any CPU
		{14B5DBA4-D114-4844-A65E-8E24C762C603}.Debug|Any CPU.Build.0 = Debug|Any CPU
		{14B5DBA4-D114-4844-A65E-8E24C762C603}.Debug|x64.ActiveCfg = Debug|Any CPU
		{14B5DBA4-D114-4844-A65E-8E24C762C603}.Debug|x64.Build.0 = Debug|Any CPU
		{14B5DBA4-D114-4844-A65E-8E24C762C603}.Debug|x86.ActiveCfg = Debug|Any CPU
		{14B5DBA4-D114-4844-A65E-8E24C762C603}.Debug|x86.Build.0 = Debug|Any CPU
		{14B5DBA4-D114-4844-A65E-8E24C762C603}.Release|Any CPU.ActiveCfg = Release|Any CPU
		{14B5DBA4-D114-4844-A65E-8E24C762C603}.Release|Any CPU.Build.0 = Release|Any CPU
		{14B5DBA4-D114-4844-A65E-8E24C762C603}.Release|x64.ActiveCfg = Release|Any CPU
		{14B5DBA4-D114-4844-A65E-8E24C762C603}.Release|x64.Build.0 = Release|Any CPU
		{14B5DBA4-D114-4844-A65E-8E24C762C603}.Release|x86.ActiveCfg = Release|Any CPU
		{14B5DBA4-D114-4844-A65E-8E24C762C603}.Release|x86.Build.0 = Release|Any CPU
		{86F1F4EA-D512-48DC-951F-37853273894E}.Debug|Any CPU.ActiveCfg = Debug|Any CPU
		{86F1F4EA-D512-48DC-951F-37853273894E}.Debug|Any CPU.Build.0 = Debug|Any CPU
		{86F1F4EA-D512-48DC-951F-37853273894E}.Debug|x64.ActiveCfg = Debug|Any CPU
		{86F1F4EA-D512-48DC-951F-37853273894E}.Debug|x64.Build.0 = Debug|Any CPU
		{86F1F4EA-D512-48DC-951F-37853273894E}.Debug|x86.ActiveCfg = Debug|Any CPU
		{86F1F4EA-D512-48DC-951F-37853273894E}.Debug|x86.Build.0 = Debug|Any CPU
		{86F1F4EA-D512-48DC-951F-37853273894E}.Release|Any CPU.ActiveCfg = Release|Any CPU
		{86F1F4EA-D512-48DC-951F-37853273894E}.Release|Any CPU.Build.0 = Release|Any CPU
		{86F1F4EA-D512-48DC-951F-37853273894E}.Release|x64.ActiveCfg = Release|Any CPU
		{86F1F4EA-D512-48DC-951F-37853273894E}.Release|x64.Build.0 = Release|Any CPU
		{86F1F4EA-D512-48DC-951F-37853273894E}.Release|x86.ActiveCfg = Release|Any CPU
		{86F1F4EA-D512-48DC-951F-37853273894E}.Release|x86.Build.0 = Release|Any CPU
		{7B6FC618-EE16-4045-9998-5813D55FC0A3}.Debug|Any CPU.ActiveCfg = Debug|Any CPU
		{7B6FC618-EE16-4045-9998-5813D55FC0A3}.Debug|Any CPU.Build.0 = Debug|Any CPU
		{7B6FC618-EE16-4045-9998-5813D55FC0A3}.Debug|x64.ActiveCfg = Debug|Any CPU
		{7B6FC618-EE16-4045-9998-5813D55FC0A3}.Debug|x64.Build.0 = Debug|Any CPU
		{7B6FC618-EE16-4045-9998-5813D55FC0A3}.Debug|x86.ActiveCfg = Debug|Any CPU
		{7B6FC618-EE16-4045-9998-5813D55FC0A3}.Debug|x86.Build.0 = Debug|Any CPU
		{7B6FC618-EE16-4045-9998-5813D55FC0A3}.Release|Any CPU.ActiveCfg = Release|Any CPU
		{7B6FC618-EE16-4045-9998-5813D55FC0A3}.Release|Any CPU.Build.0 = Release|Any CPU
		{7B6FC618-EE16-4045-9998-5813D55FC0A3}.Release|x64.ActiveCfg = Release|Any CPU
		{7B6FC618-EE16-4045-9998-5813D55FC0A3}.Release|x64.Build.0 = Release|Any CPU
		{7B6FC618-EE16-4045-9998-5813D55FC0A3}.Release|x86.ActiveCfg = Release|Any CPU
		{7B6FC618-EE16-4045-9998-5813D55FC0A3}.Release|x86.Build.0 = Release|Any CPU
	EndGlobalSection
	GlobalSection(SolutionProperties) = preSolution
		HideSolutionNode = FALSE
	EndGlobalSection
	GlobalSection(ExtensibilityGlobals) = postSolution
		SolutionGuid = {96F49FFC-47C0-457F-96CD-C8ACA197F682}
	EndGlobalSection
EndGlobal
